// !$*UTF8*$!
{
	archiveVersion = 1;
	classes = {
	};
	objectVersion = 46;
	objects = {

/* Begin PBXBuildFile section */
		01469379172A739A0055AE22 /* MediaPlayer.framework in Frameworks */ = {isa = PBXBuildFile; fileRef = 01469378172A739A0055AE22 /* MediaPlayer.framework */; };
		01469380172A8E5D0055AE22 /* DCAudioProducer.m in Sources */ = {isa = PBXBuildFile; fileRef = 0146937F172A8D050055AE22 /* DCAudioProducer.m */; settings = {COMPILER_FLAGS = "-fno-objc-arc"; }; };
		01469381172A8E610055AE22 /* DCFileProducer.m in Sources */ = {isa = PBXBuildFile; fileRef = 0146937B172A8C570055AE22 /* DCFileProducer.m */; settings = {COMPILER_FLAGS = "-fno-objc-arc"; }; };
		01469382172A8E640055AE22 /* DCMediaExporter.m in Sources */ = {isa = PBXBuildFile; fileRef = 0146937D172A8C570055AE22 /* DCMediaExporter.m */; settings = {COMPILER_FLAGS = "-fno-objc-arc"; }; };
		01469385172A8EA50055AE22 /* DCRingBufferRecord.m in Sources */ = {isa = PBXBuildFile; fileRef = 01469384172A8EA40055AE22 /* DCRingBufferRecord.m */; settings = {COMPILER_FLAGS = "-fno-objc-arc"; }; };
		0146938B172A8FE60055AE22 /* CoreMedia.framework in Frameworks */ = {isa = PBXBuildFile; fileRef = 0146938A172A8FE60055AE22 /* CoreMedia.framework */; };
		0172A7B2162B1DF000C69953 /* UIKit.framework in Frameworks */ = {isa = PBXBuildFile; fileRef = 0172A7B1162B1DF000C69953 /* UIKit.framework */; };
		0172A7B4162B1DF000C69953 /* Foundation.framework in Frameworks */ = {isa = PBXBuildFile; fileRef = 0172A7B3162B1DF000C69953 /* Foundation.framework */; };
		0172A7B6162B1DF000C69953 /* CoreGraphics.framework in Frameworks */ = {isa = PBXBuildFile; fileRef = 0172A7B5162B1DF000C69953 /* CoreGraphics.framework */; };
		0172A7BC162B1DF000C69953 /* InfoPlist.strings in Resources */ = {isa = PBXBuildFile; fileRef = 0172A7BA162B1DF000C69953 /* InfoPlist.strings */; };
		0172A7BE162B1DF000C69953 /* main.m in Sources */ = {isa = PBXBuildFile; fileRef = 0172A7BD162B1DF000C69953 /* main.m */; };
		0172A7C2162B1DF000C69953 /* SNFAppDelegate.m in Sources */ = {isa = PBXBuildFile; fileRef = 0172A7C1162B1DF000C69953 /* SNFAppDelegate.m */; };
		0172A7C4162B1DF000C69953 /* Default.png in Resources */ = {isa = PBXBuildFile; fileRef = 0172A7C3162B1DF000C69953 /* Default.png */; };
		0172A7C6162B1DF000C69953 /* Default@2x.png in Resources */ = {isa = PBXBuildFile; fileRef = 0172A7C5162B1DF000C69953 /* Default@2x.png */; };
		0172A7C8162B1DF000C69953 /* Default-568h@2x.png in Resources */ = {isa = PBXBuildFile; fileRef = 0172A7C7162B1DF000C69953 /* Default-568h@2x.png */; };
		0172A7CB162B1DF000C69953 /* SNFViewController.m in Sources */ = {isa = PBXBuildFile; fileRef = 0172A7CA162B1DF000C69953 /* SNFViewController.m */; };
		0172A7CE162B1DF000C69953 /* SNFViewController.xib in Resources */ = {isa = PBXBuildFile; fileRef = 0172A7CC162B1DF000C69953 /* SNFViewController.xib */; };
		0172A7D6162B1E0700C69953 /* AudioToolbox.framework in Frameworks */ = {isa = PBXBuildFile; fileRef = 0172A7D4162B1E0700C69953 /* AudioToolbox.framework */; };
		0172A7D7162B1E0700C69953 /* AVFoundation.framework in Frameworks */ = {isa = PBXBuildFile; fileRef = 0172A7D5162B1E0700C69953 /* AVFoundation.framework */; };
		0172A7DA162B221300C69953 /* Bossa Lounger Long.caf in Resources */ = {isa = PBXBuildFile; fileRef = 0172A7D9162B221300C69953 /* Bossa Lounger Long.caf */; };
		0172A7E0162B506000C69953 /* Icon@2x.png in Resources */ = {isa = PBXBuildFile; fileRef = 0172A7DF162B506000C69953 /* Icon@2x.png */; };
		0172A7E2162B506300C69953 /* Icon.png in Resources */ = {isa = PBXBuildFile; fileRef = 0172A7E1162B506300C69953 /* Icon.png */; };
		01881E4A172B12C6004B9BCA /* DCMediaPlayer.m in Sources */ = {isa = PBXBuildFile; fileRef = 01881E49172B12C6004B9BCA /* DCMediaPlayer.m */; settings = {COMPILER_FLAGS = "-fno-objc-arc"; }; };
		01881E52172B136F004B9BCA /* DCAudioEffect.m in Sources */ = {isa = PBXBuildFile; fileRef = 01881E4D172B136F004B9BCA /* DCAudioEffect.m */; settings = {COMPILER_FLAGS = "-fno-objc-arc"; }; };
		01881E53172B136F004B9BCA /* DCAudioEffectLowPassFilter.m in Sources */ = {isa = PBXBuildFile; fileRef = 01881E4F172B136F004B9BCA /* DCAudioEffectLowPassFilter.m */; settings = {COMPILER_FLAGS = "-fno-objc-arc"; }; };
		01881E54172B136F004B9BCA /* DCAudioEffectMeter.m in Sources */ = {isa = PBXBuildFile; fileRef = 01881E51172B136F004B9BCA /* DCAudioEffectMeter.m */; settings = {COMPILER_FLAGS = "-fno-objc-arc"; }; };
/* End PBXBuildFile section */

/* Begin PBXFileReference section */
		01469378172A739A0055AE22 /* MediaPlayer.framework */ = {isa = PBXFileReference; lastKnownFileType = wrapper.framework; name = MediaPlayer.framework; path = System/Library/Frameworks/MediaPlayer.framework; sourceTree = SDKROOT; };
		0146937A172A8C570055AE22 /* DCFileProducer.h */ = {isa = PBXFileReference; lastKnownFileType = sourcecode.c.h; path = DCFileProducer.h; sourceTree = "<group>"; };
		0146937B172A8C570055AE22 /* DCFileProducer.m */ = {isa = PBXFileReference; lastKnownFileType = sourcecode.c.objc; path = DCFileProducer.m; sourceTree = "<group>"; };
		0146937C172A8C570055AE22 /* DCMediaExporter.h */ = {isa = PBXFileReference; lastKnownFileType = sourcecode.c.h; path = DCMediaExporter.h; sourceTree = "<group>"; };
		0146937D172A8C570055AE22 /* DCMediaExporter.m */ = {isa = PBXFileReference; lastKnownFileType = sourcecode.c.objc; path = DCMediaExporter.m; sourceTree = "<group>"; };
		0146937E172A8D050055AE22 /* DCAudioProducer.h */ = {isa = PBXFileReference; lastKnownFileType = sourcecode.c.h; path = DCAudioProducer.h; sourceTree = "<group>"; };
		0146937F172A8D050055AE22 /* DCAudioProducer.m */ = {isa = PBXFileReference; lastKnownFileType = sourcecode.c.objc; path = DCAudioProducer.m; sourceTree = "<group>"; };
		01469383172A8EA40055AE22 /* DCRingBufferRecord.h */ = {isa = PBXFileReference; fileEncoding = 4; lastKnownFileType = sourcecode.c.h; path = DCRingBufferRecord.h; sourceTree = "<group>"; };
		01469384172A8EA40055AE22 /* DCRingBufferRecord.m */ = {isa = PBXFileReference; fileEncoding = 4; lastKnownFileType = sourcecode.c.objc; path = DCRingBufferRecord.m; sourceTree = "<group>"; };
		0146938A172A8FE60055AE22 /* CoreMedia.framework */ = {isa = PBXFileReference; lastKnownFileType = wrapper.framework; name = CoreMedia.framework; path = System/Library/Frameworks/CoreMedia.framework; sourceTree = SDKROOT; };
		0172A7AD162B1DF000C69953 /* TimeSliderDemo.app */ = {isa = PBXFileReference; explicitFileType = wrapper.application; includeInIndex = 0; path = TimeSliderDemo.app; sourceTree = BUILT_PRODUCTS_DIR; };
		0172A7B1162B1DF000C69953 /* UIKit.framework */ = {isa = PBXFileReference; lastKnownFileType = wrapper.framework; name = UIKit.framework; path = System/Library/Frameworks/UIKit.framework; sourceTree = SDKROOT; };
		0172A7B3162B1DF000C69953 /* Foundation.framework */ = {isa = PBXFileReference; lastKnownFileType = wrapper.framework; name = Foundation.framework; path = System/Library/Frameworks/Foundation.framework; sourceTree = SDKROOT; };
		0172A7B5162B1DF000C69953 /* CoreGraphics.framework */ = {isa = PBXFileReference; lastKnownFileType = wrapper.framework; name = CoreGraphics.framework; path = System/Library/Frameworks/CoreGraphics.framework; sourceTree = SDKROOT; };
		0172A7B9162B1DF000C69953 /* TimeSliderDemo-Info.plist */ = {isa = PBXFileReference; lastKnownFileType = text.plist.xml; path = "TimeSliderDemo-Info.plist"; sourceTree = "<group>"; };
		0172A7BB162B1DF000C69953 /* en */ = {isa = PBXFileReference; lastKnownFileType = text.plist.strings; name = en; path = en.lproj/InfoPlist.strings; sourceTree = "<group>"; };
		0172A7BD162B1DF000C69953 /* main.m */ = {isa = PBXFileReference; lastKnownFileType = sourcecode.c.objc; path = main.m; sourceTree = "<group>"; };
		0172A7BF162B1DF000C69953 /* TimeSliderDemo-Prefix.pch */ = {isa = PBXFileReference; lastKnownFileType = sourcecode.c.h; path = "TimeSliderDemo-Prefix.pch"; sourceTree = "<group>"; };
		0172A7C0162B1DF000C69953 /* SNFAppDelegate.h */ = {isa = PBXFileReference; lastKnownFileType = sourcecode.c.h; path = SNFAppDelegate.h; sourceTree = "<group>"; };
		0172A7C1162B1DF000C69953 /* SNFAppDelegate.m */ = {isa = PBXFileReference; lastKnownFileType = sourcecode.c.objc; path = SNFAppDelegate.m; sourceTree = "<group>"; };
		0172A7C3162B1DF000C69953 /* Default.png */ = {isa = PBXFileReference; lastKnownFileType = image.png; path = Default.png; sourceTree = "<group>"; };
		0172A7C5162B1DF000C69953 /* Default@2x.png */ = {isa = PBXFileReference; lastKnownFileType = image.png; path = "Default@2x.png"; sourceTree = "<group>"; };
		0172A7C7162B1DF000C69953 /* Default-568h@2x.png */ = {isa = PBXFileReference; lastKnownFileType = image.png; path = "Default-568h@2x.png"; sourceTree = "<group>"; };
		0172A7C9162B1DF000C69953 /* SNFViewController.h */ = {isa = PBXFileReference; lastKnownFileType = sourcecode.c.h; path = SNFViewController.h; sourceTree = "<group>"; };
		0172A7CA162B1DF000C69953 /* SNFViewController.m */ = {isa = PBXFileReference; lastKnownFileType = sourcecode.c.objc; path = SNFViewController.m; sourceTree = "<group>"; };
		0172A7CD162B1DF000C69953 /* en */ = {isa = PBXFileReference; lastKnownFileType = file.xib; name = en; path = en.lproj/SNFViewController.xib; sourceTree = "<group>"; };
		0172A7D4162B1E0700C69953 /* AudioToolbox.framework */ = {isa = PBXFileReference; lastKnownFileType = wrapper.framework; name = AudioToolbox.framework; path = System/Library/Frameworks/AudioToolbox.framework; sourceTree = SDKROOT; };
		0172A7D5162B1E0700C69953 /* AVFoundation.framework */ = {isa = PBXFileReference; lastKnownFileType = wrapper.framework; name = AVFoundation.framework; path = System/Library/Frameworks/AVFoundation.framework; sourceTree = SDKROOT; };
		0172A7D9162B221300C69953 /* Bossa Lounger Long.caf */ = {isa = PBXFileReference; lastKnownFileType = file; name = "Bossa Lounger Long.caf"; path = "/Library/Audio/Apple Loops/Apple/iLife Sound Effects/Jingles/Bossa Lounger Long.caf"; sourceTree = "<absolute>"; };
		0172A7DF162B506000C69953 /* Icon@2x.png */ = {isa = PBXFileReference; lastKnownFileType = image.png; path = "Icon@2x.png"; sourceTree = "<group>"; };
		0172A7E1162B506300C69953 /* Icon.png */ = {isa = PBXFileReference; lastKnownFileType = image.png; path = Icon.png; sourceTree = "<group>"; };
		01881E48172B12C6004B9BCA /* DCMediaPlayer.h */ = {isa = PBXFileReference; fileEncoding = 4; lastKnownFileType = sourcecode.c.h; path = DCMediaPlayer.h; sourceTree = "<group>"; };
		01881E49172B12C6004B9BCA /* DCMediaPlayer.m */ = {isa = PBXFileReference; fileEncoding = 4; lastKnownFileType = sourcecode.c.objc; path = DCMediaPlayer.m; sourceTree = "<group>"; };
		01881E4C172B136F004B9BCA /* DCAudioEffect.h */ = {isa = PBXFileReference; fileEncoding = 4; lastKnownFileType = sourcecode.c.h; path = DCAudioEffect.h; sourceTree = "<group>"; };
		01881E4D172B136F004B9BCA /* DCAudioEffect.m */ = {isa = PBXFileReference; fileEncoding = 4; lastKnownFileType = sourcecode.c.objc; path = DCAudioEffect.m; sourceTree = "<group>"; };
		01881E4E172B136F004B9BCA /* DCAudioEffectLowPassFilter.h */ = {isa = PBXFileReference; fileEncoding = 4; lastKnownFileType = sourcecode.c.h; path = DCAudioEffectLowPassFilter.h; sourceTree = "<group>"; };
		01881E4F172B136F004B9BCA /* DCAudioEffectLowPassFilter.m */ = {isa = PBXFileReference; fileEncoding = 4; lastKnownFileType = sourcecode.c.objc; path = DCAudioEffectLowPassFilter.m; sourceTree = "<group>"; };
		01881E50172B136F004B9BCA /* DCAudioEffectMeter.h */ = {isa = PBXFileReference; fileEncoding = 4; lastKnownFileType = sourcecode.c.h; path = DCAudioEffectMeter.h; sourceTree = "<group>"; };
		01881E51172B136F004B9BCA /* DCAudioEffectMeter.m */ = {isa = PBXFileReference; fileEncoding = 4; lastKnownFileType = sourcecode.c.objc; path = DCAudioEffectMeter.m; sourceTree = "<group>"; };
/* End PBXFileReference section */

/* Begin PBXFrameworksBuildPhase section */
		0172A7AA162B1DEF00C69953 /* Frameworks */ = {
			isa = PBXFrameworksBuildPhase;
			buildActionMask = 2147483647;
			files = (
				0146938B172A8FE60055AE22 /* CoreMedia.framework in Frameworks */,
				01469379172A739A0055AE22 /* MediaPlayer.framework in Frameworks */,
				0172A7D6162B1E0700C69953 /* AudioToolbox.framework in Frameworks */,
				0172A7D7162B1E0700C69953 /* AVFoundation.framework in Frameworks */,
				0172A7B2162B1DF000C69953 /* UIKit.framework in Frameworks */,
				0172A7B4162B1DF000C69953 /* Foundation.framework in Frameworks */,
				0172A7B6162B1DF000C69953 /* CoreGraphics.framework in Frameworks */,
			);
			runOnlyForDeploymentPostprocessing = 0;
		};
/* End PBXFrameworksBuildPhase section */

/* Begin PBXGroup section */
		0172A7A2162B1DEF00C69953 = {
			isa = PBXGroup;
			children = (
				0172A7E1162B506300C69953 /* Icon.png */,
				0172A7DF162B506000C69953 /* Icon@2x.png */,
				0172A7B7162B1DF000C69953 /* TimeSliderDemo */,
				0172A7D8162B220200C69953 /* Audio */,
				0172A7B0162B1DF000C69953 /* Frameworks */,
				0172A7AE162B1DF000C69953 /* Products */,
			);
			sourceTree = "<group>";
		};
		0172A7AE162B1DF000C69953 /* Products */ = {
			isa = PBXGroup;
			children = (
				0172A7AD162B1DF000C69953 /* TimeSliderDemo.app */,
			);
			name = Products;
			sourceTree = "<group>";
		};
		0172A7B0162B1DF000C69953 /* Frameworks */ = {
			isa = PBXGroup;
			children = (
				0146938A172A8FE60055AE22 /* CoreMedia.framework */,
				01469378172A739A0055AE22 /* MediaPlayer.framework */,
				0172A7D4162B1E0700C69953 /* AudioToolbox.framework */,
				0172A7D5162B1E0700C69953 /* AVFoundation.framework */,
				0172A7B1162B1DF000C69953 /* UIKit.framework */,
				0172A7B3162B1DF000C69953 /* Foundation.framework */,
				0172A7B5162B1DF000C69953 /* CoreGraphics.framework */,
			);
			name = Frameworks;
			sourceTree = "<group>";
		};
		0172A7B7162B1DF000C69953 /* TimeSliderDemo */ = {
			isa = PBXGroup;
			children = (
				0172A7C0162B1DF000C69953 /* SNFAppDelegate.h */,
				0172A7C1162B1DF000C69953 /* SNFAppDelegate.m */,
				0172A7C9162B1DF000C69953 /* SNFViewController.h */,
				0172A7CA162B1DF000C69953 /* SNFViewController.m */,
				0172A7CC162B1DF000C69953 /* SNFViewController.xib */,
				01881E48172B12C6004B9BCA /* DCMediaPlayer.h */,
				01881E49172B12C6004B9BCA /* DCMediaPlayer.m */,
				0146937E172A8D050055AE22 /* DCAudioProducer.h */,
				0146937F172A8D050055AE22 /* DCAudioProducer.m */,
				0146937A172A8C570055AE22 /* DCFileProducer.h */,
				0146937B172A8C570055AE22 /* DCFileProducer.m */,
				0146937C172A8C570055AE22 /* DCMediaExporter.h */,
				0146937D172A8C570055AE22 /* DCMediaExporter.m */,
				01469383172A8EA40055AE22 /* DCRingBufferRecord.h */,
				01469384172A8EA40055AE22 /* DCRingBufferRecord.m */,
				01881E4B172B1357004B9BCA /* Effects */,
				0172A7B8162B1DF000C69953 /* Supporting Files */,
			);
			path = TimeSliderDemo;
			sourceTree = "<group>";
		};
		0172A7B8162B1DF000C69953 /* Supporting Files */ = {
			isa = PBXGroup;
			children = (
				0172A7B9162B1DF000C69953 /* TimeSliderDemo-Info.plist */,
				0172A7BA162B1DF000C69953 /* InfoPlist.strings */,
				0172A7BD162B1DF000C69953 /* main.m */,
				0172A7BF162B1DF000C69953 /* TimeSliderDemo-Prefix.pch */,
				0172A7C3162B1DF000C69953 /* Default.png */,
				0172A7C5162B1DF000C69953 /* Default@2x.png */,
				0172A7C7162B1DF000C69953 /* Default-568h@2x.png */,
			);
			name = "Supporting Files";
			sourceTree = "<group>";
		};
		0172A7D8162B220200C69953 /* Audio */ = {
			isa = PBXGroup;
			children = (
				0172A7D9162B221300C69953 /* Bossa Lounger Long.caf */,
			);
			name = Audio;
			sourceTree = "<group>";
		};
		01881E4B172B1357004B9BCA /* Effects */ = {
			isa = PBXGroup;
			children = (
				01881E4C172B136F004B9BCA /* DCAudioEffect.h */,
				01881E4D172B136F004B9BCA /* DCAudioEffect.m */,
				01881E4E172B136F004B9BCA /* DCAudioEffectLowPassFilter.h */,
				01881E4F172B136F004B9BCA /* DCAudioEffectLowPassFilter.m */,
				01881E50172B136F004B9BCA /* DCAudioEffectMeter.h */,
				01881E51172B136F004B9BCA /* DCAudioEffectMeter.m */,
			);
			name = Effects;
			sourceTree = "<group>";
		};
/* End PBXGroup section */

/* Begin PBXNativeTarget section */
		0172A7AC162B1DEF00C69953 /* TimeSliderDemo */ = {
			isa = PBXNativeTarget;
			buildConfigurationList = 0172A7D1162B1DF000C69953 /* Build configuration list for PBXNativeTarget "TimeSliderDemo" */;
			buildPhases = (
				0172A7A9162B1DEF00C69953 /* Sources */,
				0172A7AA162B1DEF00C69953 /* Frameworks */,
				0172A7AB162B1DEF00C69953 /* Resources */,
			);
			buildRules = (
			);
			dependencies = (
			);
			name = TimeSliderDemo;
			productName = TimeSliderDemo;
			productReference = 0172A7AD162B1DF000C69953 /* TimeSliderDemo.app */;
			productType = "com.apple.product-type.application";
		};
/* End PBXNativeTarget section */

/* Begin PBXProject section */
		0172A7A4162B1DEF00C69953 /* Project object */ = {
			isa = PBXProject;
			attributes = {
				CLASSPREFIX = SNF;
				LastUpgradeCheck = 0450;
				ORGANIZATIONNAME = "Subsequently & Furthermore, Inc.";
			};
			buildConfigurationList = 0172A7A7162B1DEF00C69953 /* Build configuration list for PBXProject "TimeSliderDemo" */;
			compatibilityVersion = "Xcode 3.2";
			developmentRegion = English;
			hasScannedForEncodings = 0;
			knownRegions = (
				en,
			);
			mainGroup = 0172A7A2162B1DEF00C69953;
			productRefGroup = 0172A7AE162B1DF000C69953 /* Products */;
			projectDirPath = "";
			projectRoot = "";
			targets = (
				0172A7AC162B1DEF00C69953 /* TimeSliderDemo */,
			);
		};
/* End PBXProject section */

/* Begin PBXResourcesBuildPhase section */
		0172A7AB162B1DEF00C69953 /* Resources */ = {
			isa = PBXResourcesBuildPhase;
			buildActionMask = 2147483647;
			files = (
				0172A7BC162B1DF000C69953 /* InfoPlist.strings in Resources */,
				0172A7C4162B1DF000C69953 /* Default.png in Resources */,
				0172A7C6162B1DF000C69953 /* Default@2x.png in Resources */,
				0172A7C8162B1DF000C69953 /* Default-568h@2x.png in Resources */,
				0172A7CE162B1DF000C69953 /* SNFViewController.xib in Resources */,
				0172A7DA162B221300C69953 /* Bossa Lounger Long.caf in Resources */,
				0172A7E0162B506000C69953 /* Icon@2x.png in Resources */,
				0172A7E2162B506300C69953 /* Icon.png in Resources */,
			);
			runOnlyForDeploymentPostprocessing = 0;
		};
/* End PBXResourcesBuildPhase section */

/* Begin PBXSourcesBuildPhase section */
		0172A7A9162B1DEF00C69953 /* Sources */ = {
			isa = PBXSourcesBuildPhase;
			buildActionMask = 2147483647;
			files = (
				0172A7BE162B1DF000C69953 /* main.m in Sources */,
				0172A7C2162B1DF000C69953 /* SNFAppDelegate.m in Sources */,
				0172A7CB162B1DF000C69953 /* SNFViewController.m in Sources */,
				01469380172A8E5D0055AE22 /* DCAudioProducer.m in Sources */,
				01469381172A8E610055AE22 /* DCFileProducer.m in Sources */,
				01469382172A8E640055AE22 /* DCMediaExporter.m in Sources */,
				01469385172A8EA50055AE22 /* DCRingBufferRecord.m in Sources */,
				01881E4A172B12C6004B9BCA /* DCMediaPlayer.m in Sources */,
				01881E52172B136F004B9BCA /* DCAudioEffect.m in Sources */,
				01881E53172B136F004B9BCA /* DCAudioEffectLowPassFilter.m in Sources */,
				01881E54172B136F004B9BCA /* DCAudioEffectMeter.m in Sources */,
			);
			runOnlyForDeploymentPostprocessing = 0;
		};
/* End PBXSourcesBuildPhase section */

/* Begin PBXVariantGroup section */
		0172A7BA162B1DF000C69953 /* InfoPlist.strings */ = {
			isa = PBXVariantGroup;
			children = (
				0172A7BB162B1DF000C69953 /* en */,
			);
			name = InfoPlist.strings;
			sourceTree = "<group>";
		};
		0172A7CC162B1DF000C69953 /* SNFViewController.xib */ = {
			isa = PBXVariantGroup;
			children = (
				0172A7CD162B1DF000C69953 /* en */,
			);
			name = SNFViewController.xib;
			sourceTree = "<group>";
		};
/* End PBXVariantGroup section */

/* Begin XCBuildConfiguration section */
		0172A7CF162B1DF000C69953 /* Debug */ = {
			isa = XCBuildConfiguration;
			buildSettings = {
				ALWAYS_SEARCH_USER_PATHS = NO;
				CLANG_CXX_LANGUAGE_STANDARD = "gnu++0x";
				CLANG_CXX_LIBRARY = "libc++";
				CLANG_ENABLE_OBJC_ARC = YES;
				CLANG_WARN_EMPTY_BODY = YES;
				CLANG_WARN__DUPLICATE_METHOD_MATCH = YES;
				"CODE_SIGN_IDENTITY[sdk=iphoneos*]" = "iPhone Developer";
				COPY_PHASE_STRIP = NO;
				GCC_C_LANGUAGE_STANDARD = gnu99;
				GCC_DYNAMIC_NO_PIC = NO;
				GCC_OPTIMIZATION_LEVEL = 0;
				GCC_PREPROCESSOR_DEFINITIONS = (
					"DEBUG=1",
					"$(inherited)",
				);
				GCC_SYMBOLS_PRIVATE_EXTERN = NO;
				GCC_WARN_ABOUT_RETURN_TYPE = YES;
				GCC_WARN_UNINITIALIZED_AUTOS = YES;
				GCC_WARN_UNUSED_VARIABLE = YES;
				IPHONEOS_DEPLOYMENT_TARGET = 6.0;
				ONLY_ACTIVE_ARCH = YES;
				SDKROOT = iphoneos;
			};
			name = Debug;
		};
		0172A7D0162B1DF000C69953 /* Release */ = {
			isa = XCBuildConfiguration;
			buildSettings = {
				ALWAYS_SEARCH_USER_PATHS = NO;
				CLANG_CXX_LANGUAGE_STANDARD = "gnu++0x";
				CLANG_CXX_LIBRARY = "libc++";
				CLANG_ENABLE_OBJC_ARC = YES;
				CLANG_WARN_EMPTY_BODY = YES;
				CLANG_WARN__DUPLICATE_METHOD_MATCH = YES;
				"CODE_SIGN_IDENTITY[sdk=iphoneos*]" = "iPhone Developer";
				COPY_PHASE_STRIP = YES;
				GCC_C_LANGUAGE_STANDARD = gnu99;
				GCC_WARN_ABOUT_RETURN_TYPE = YES;
				GCC_WARN_UNINITIALIZED_AUTOS = YES;
				GCC_WARN_UNUSED_VARIABLE = YES;
				IPHONEOS_DEPLOYMENT_TARGET = 6.0;
				OTHER_CFLAGS = "-DNS_BLOCK_ASSERTIONS=1";
				SDKROOT = iphoneos;
				VALIDATE_PRODUCT = YES;
			};
			name = Release;
		};
		0172A7D2162B1DF000C69953 /* Debug */ = {
			isa = XCBuildConfiguration;
			buildSettings = {
				GCC_PRECOMPILE_PREFIX_HEADER = YES;
				GCC_PREFIX_HEADER = "TimeSliderDemo/TimeSliderDemo-Prefix.pch";
				INFOPLIST_FILE = "TimeSliderDemo/TimeSliderDemo-Info.plist";
				PRODUCT_NAME = "$(TARGET_NAME)";
				WRAPPER_EXTENSION = app;
			};
			name = Debug;
		};
		0172A7D3162B1DF000C69953 /* Release */ = {
			isa = XCBuildConfiguration;
			buildSettings = {
				GCC_PRECOMPILE_PREFIX_HEADER = YES;
				GCC_PREFIX_HEADER = "TimeSliderDemo/TimeSliderDemo-Prefix.pch";
				INFOPLIST_FILE = "TimeSliderDemo/TimeSliderDemo-Info.plist";
				PRODUCT_NAME = "$(TARGET_NAME)";
				WRAPPER_EXTENSION = app;
			};
			name = Release;
		};
/* End XCBuildConfiguration section */

/* Begin XCConfigurationList section */
		0172A7A7162B1DEF00C69953 /* Build configuration list for PBXProject "TimeSliderDemo" */ = {
			isa = XCConfigurationList;
			buildConfigurations = (
				0172A7CF162B1DF000C69953 /* Debug */,
				0172A7D0162B1DF000C69953 /* Release */,
			);
			defaultConfigurationIsVisible = 0;
			defaultConfigurationName = Release;
		};
		0172A7D1162B1DF000C69953 /* Build configuration list for PBXNativeTarget "TimeSliderDemo" */ = {
			isa = XCConfigurationList;
			buildConfigurations = (
				0172A7D2162B1DF000C69953 /* Debug */,
				0172A7D3162B1DF000C69953 /* Release */,
			);
			defaultConfigurationIsVisible = 0;
			defaultConfigurationName = Release;
		};
/* End XCConfigurationList section */
	};
	rootObject = 0172A7A4162B1DEF00C69953 /* Project object */;
}
